github.com/BurntSushi/toml v0.3.1/go.mod h1:xHWCNGjB5oqiDr8zfno3MHue2Ht5sIBksp03qcyfWMU=
github.com/bmatsuo/goline v0.0.0-20120223055157-1cda39171aac h1:vW1xh1iR8MLOAEQR5FSmE9qzY8nng9jU+am1tEPv7Ko=
github.com/bmatsuo/goline v0.0.0-20120223055157-1cda39171aac/go.mod h1:Mm0InWa45yF5CrcD7ei49qprVeQXshplZeep8VHgmE0=
github.com/davecgh/go-spew v1.1.1/go.mod h1:J7Y8YcW2NihsgmVo/mv3lAwl/skON4iLHjSsI+c5H38=
github.com/dhowden/tag v0.0.0-20181104225729-a9f04c2798ca h1:EsPh1VImRZ6OOhWtz/zzwTjxVQKcKIiqS5tYNdx2eCg=
github.com/dhowden/tag v0.0.0-20181104225729-a9f04c2798ca/go.mod h1:SniNVYuaD1jmdEEvi+7ywb1QFR7agjeTdGKyFb0p7Rw=
github.com/fhs/gompd v2.0.0+incompatible h1:pv5XKTatya1k3r1woaWLwFQiF0BfAsgWSe5ev2XZ0UM=
github.com/fhs/gompd v2.0.0+incompatible/go.mod h1:UVZXd9wmFBH5tIXLYeI+CGUIt15ZvtGQvVO6SDHy1os=
github.com/kr/pty v1.1.1/go.mod h1:pFQYn66WHrOpPYNljwOMqo10TkYh1fy3cYio2l3bCsQ=
github.com/kr/text v0.1.0 h1:45sCR5RtlFHMR4UwH9sdQ5TC8v0qDQCHnXt+kaKSTVE=
github.com/kr/text v0.1.0/go.mod h1:4Jbv+DJW3UT/LiOwJeYQe1efqtUx/iVham/4vfdArNI=
github.com/mattn/go-sqlite3 v1.10.0 h1:jbhqpg7tQe4SupckyijYiy0mJJ/pRyHvXf7JdWK860o=
github.com/mattn/go-sqlite3 v1.10.0/go.mod h1:FPy6KqzDD04eiIsT53CuJW3U88zkxoIYsOqkbpncsNc=
github.com/michiwend/golang-pretty v0.0.0-20141116172505-8ac61812ea3f h1:oF0u/1VBm5gYitYvcIh443XZuYYkR50CP0Vsj3gAa1o=
github.com/michiwend/golang-pretty v0.0.0-20141116172505-8ac61812ea3f/go.mod h1:k0nOQg5bmAmEwWAuodvib9B74Oyny6aRMpkBcVWEtKs=
github.com/michiwend/gomusicbrainz v0.0.0-20181012083520-6c07e13dd396 h1:REpvt1iVqbiiBk2TihujngsSpHHMHiB/JBkQH/qkq8s=
github.com/michiwend/gomusicbrainz v0.0.0-20181012083520-6c07e13dd396/go.mod h1:HKpGCk/zijJ9GXdTWgtpnd5BbKDXtN0OQ3E4/zpxOwM=
github.com/nicksellen/audiotags v0.0.0-20160226222119-94015fa599bd h1:xKn/gU8lZupoZt/HE7a/R3aH93iUO6JwyRsYelQUsRI=
github.com/nicksellen/audiotags v0.0.0-20160226222119-94015fa599bd/go.mod h1:B6icauz2l4tkYQxmDtCH4qmNWz/evSW5CsOqp6IE5IE=
github.com/pelletier/go-toml v1.3.0 h1:e5+lF2E4Y2WCIxBefVowBuB0iHrUH4HZ8q+6mGF7fJc=
github.com/pelletier/go-toml v1.3.0/go.mod h1:PN7xzY2wHTK0K9p34ErDQMlFxa51Fk0OUruD3k1mMwo=
github.com/stvp/go-toml-config v0.0.0-20170523163211-314328849d78 h1:MsUuiPmj8YTL0FdN7lJBrgtHM0NJBfbX8ZItELp1F/A=
github.com/stvp/go-toml-config v0.0.0-20170523163211-314328849d78/go.mod h1:mSfXi8twSmH/vUuE3J+HRfI2fp8XmWxVhYsV+V6W1JY=
gopkg.in/check.v1 v0.0.0-20161208181325-20d25e280405/go.mod h1:Co6ibVJAznAaIkqp8huTwlJQCZ016jof/cbN4VW5Yz0=
gopkg.in/yaml.v2 v2.2.2/go.mod h1:hI93XBmqTisBFMUTm0b8Fm+jr3Dg1NNxqwp+5A1VGuI=
hawx.me/code/hadfield v0.0.0-20180420190601-72744ca377c0 h1:qRgBGQyD23TMvz/1FIgtQGOdTcI2697SROyFdoRmdtU=
hawx.me/code/hadfield v0.0.0-20180420190601-72744ca377c0/go.mod h1:wzKgiz2WXn3UMieb1JDce006zbkZFKBu4qWO/w1u29Y=
hawx.me/code/xdg v0.0.0-20150518150315-38518e06fae1 h1:gU9IFOMQWKqziQOrgWa/kPHjunFjjsqxoWSU+fDw0Rs=
hawx.me/code/xdg v0.0.0-20150518150315-38518e06fae1/go.mod h1:uWakJbv1AgSXNllifNKC0q7goCSbTq5BTGlvAE3+6HY=
